// !$*UTF8*$!
{
	archiveVersion = 1;
	classes = {
	};
	objectVersion = 56;
	objects = {

/* Begin PBXBuildFile section */
		0330CA852A77CA53004CE2D7 /* AppDelegate.swift in Sources */ = {isa = PBXBuildFile; fileRef = 0330CA842A77CA53004CE2D7 /* AppDelegate.swift */; };
		0330CA872A77CA53004CE2D7 /* SceneDelegate.swift in Sources */ = {isa = PBXBuildFile; fileRef = 0330CA862A77CA53004CE2D7 /* SceneDelegate.swift */; };
		0330CA8E2A77CA54004CE2D7 /* Assets.xcassets in Resources */ = {isa = PBXBuildFile; fileRef = 0330CA8D2A77CA54004CE2D7 /* Assets.xcassets */; };
		0330CA912A77CA54004CE2D7 /* LaunchScreen.storyboard in Resources */ = {isa = PBXBuildFile; fileRef = 0330CA8F2A77CA54004CE2D7 /* LaunchScreen.storyboard */; };
		0330CA9B2A77CD3B004CE2D7 /* Data.swift in Sources */ = {isa = PBXBuildFile; fileRef = 0330CA9A2A77CD3B004CE2D7 /* Data.swift */; };
		0330CAA12A77CE42004CE2D7 /* UIView+.swift in Sources */ = {isa = PBXBuildFile; fileRef = 0330CAA02A77CE42004CE2D7 /* UIView+.swift */; };
		0330CAA32A77CE4E004CE2D7 /* UITabBar+.swift in Sources */ = {isa = PBXBuildFile; fileRef = 0330CAA22A77CE4E004CE2D7 /* UITabBar+.swift */; };
		0330CAA92A77CEAC004CE2D7 /* Image.swift in Sources */ = {isa = PBXBuildFile; fileRef = 0330CAA82A77CEAC004CE2D7 /* Image.swift */; };
		0330CAAB2A77CEBF004CE2D7 /* Color.swift in Sources */ = {isa = PBXBuildFile; fileRef = 0330CAAA2A77CEBF004CE2D7 /* Color.swift */; };
		0330CAAD2A77CED9004CE2D7 /* Image.xcassets in Resources */ = {isa = PBXBuildFile; fileRef = 0330CAAC2A77CED9004CE2D7 /* Image.xcassets */; };
		0330CAAF2A77CF40004CE2D7 /* Color.xcassets in Resources */ = {isa = PBXBuildFile; fileRef = 0330CAAE2A77CF40004CE2D7 /* Color.xcassets */; };
		0330CAB62A77D0C2004CE2D7 /* TabBarController.swift in Sources */ = {isa = PBXBuildFile; fileRef = 0330CAB52A77D0C2004CE2D7 /* TabBarController.swift */; };
		0330CAB92A77D0D9004CE2D7 /* Then in Frameworks */ = {isa = PBXBuildFile; productRef = 0330CAB82A77D0D9004CE2D7 /* Then */; };
		0330CABC2A77D0E3004CE2D7 /* SnapKit in Frameworks */ = {isa = PBXBuildFile; productRef = 0330CABB2A77D0E3004CE2D7 /* SnapKit */; };
		0330CABF2A77D0FD004CE2D7 /* Moya in Frameworks */ = {isa = PBXBuildFile; productRef = 0330CABE2A77D0FD004CE2D7 /* Moya */; };
		0330CAC12A77D13E004CE2D7 /* TabBarItem.swift in Sources */ = {isa = PBXBuildFile; fileRef = 0330CAC02A77D13E004CE2D7 /* TabBarItem.swift */; };
		0330CAC32A77D16B004CE2D7 /* HomeViewController.swift in Sources */ = {isa = PBXBuildFile; fileRef = 0330CAC22A77D16B004CE2D7 /* HomeViewController.swift */; };
		0330CAC52A77D176004CE2D7 /* CategoryViewController.swift in Sources */ = {isa = PBXBuildFile; fileRef = 0330CAC42A77D176004CE2D7 /* CategoryViewController.swift */; };
		0330CAC72A77D191004CE2D7 /* SearchViewController.swift in Sources */ = {isa = PBXBuildFile; fileRef = 0330CAC62A77D191004CE2D7 /* SearchViewController.swift */; };
		0330CAC92A77D1A3004CE2D7 /* MypageViewController.swift in Sources */ = {isa = PBXBuildFile; fileRef = 0330CAC82A77D1A3004CE2D7 /* MypageViewController.swift */; };
		0330CACC2A79441A004CE2D7 /* CustomNavigationBar.swift in Sources */ = {isa = PBXBuildFile; fileRef = 0330CACB2A79441A004CE2D7 /* CustomNavigationBar.swift */; };
		0330CACF2A7A6D62004CE2D7 /* SizeLiterals.swift in Sources */ = {isa = PBXBuildFile; fileRef = 0330CACE2A7A6D61004CE2D7 /* SizeLiterals.swift */; };
		0386F4EF2A7F9E1E0030B335 /* MenuCollectionViewCell.swift in Sources */ = {isa = PBXBuildFile; fileRef = 0386F4EE2A7F9E1E0030B335 /* MenuCollectionViewCell.swift */; };
		0386F4F22A7FA0170030B335 /* HomeMenuModel.swift in Sources */ = {isa = PBXBuildFile; fileRef = 0386F4F12A7FA0170030B335 /* HomeMenuModel.swift */; };
		0386F4F42A7FA27E0030B335 /* UICollectionView+.swift in Sources */ = {isa = PBXBuildFile; fileRef = 0386F4F32A7FA27E0030B335 /* UICollectionView+.swift */; };
		0386F4F62A7FA2950030B335 /* NSObject+.swift in Sources */ = {isa = PBXBuildFile; fileRef = 0386F4F52A7FA2950030B335 /* NSObject+.swift */; };
		0386F4F92A7FB5030030B335 /* PageView.swift in Sources */ = {isa = PBXBuildFile; fileRef = 0386F4F82A7FB5030030B335 /* PageView.swift */; };
		0386F4FB2A7FB85C0030B335 /* KurlyRecommendationViewController.swift in Sources */ = {isa = PBXBuildFile; fileRef = 0386F4FA2A7FB85C0030B335 /* KurlyRecommendationViewController.swift */; };
		0386F4FD2A7FBBC50030B335 /* NewProductViewController.swift in Sources */ = {isa = PBXBuildFile; fileRef = 0386F4FC2A7FBBC50030B335 /* NewProductViewController.swift */; };
		0386F4FF2A7FBBCD0030B335 /* BestViewController.swift in Sources */ = {isa = PBXBuildFile; fileRef = 0386F4FE2A7FBBCD0030B335 /* BestViewController.swift */; };
		0386F5012A7FBBE70030B335 /* ThriftyShoppingViewController.swift in Sources */ = {isa = PBXBuildFile; fileRef = 0386F5002A7FBBE70030B335 /* ThriftyShoppingViewController.swift */; };
		0386F5032A7FBC050030B335 /* SpecialsViewController.swift in Sources */ = {isa = PBXBuildFile; fileRef = 0386F5022A7FBC050030B335 /* SpecialsViewController.swift */; };
		0386F50F2A868F060030B335 /* PosterCollectionViewCell.swift in Sources */ = {isa = PBXBuildFile; fileRef = 0386F50E2A868F060030B335 /* PosterCollectionViewCell.swift */; };
		0386F5132A8692E30030B335 /* ProductCollectionViewCell.swift in Sources */ = {isa = PBXBuildFile; fileRef = 0386F5122A8692E30030B335 /* ProductCollectionViewCell.swift */; };
		0386F5152A86991D0030B335 /* AdvertisementCollectionViewCell.swift in Sources */ = {isa = PBXBuildFile; fileRef = 0386F5142A86991D0030B335 /* AdvertisementCollectionViewCell.swift */; };
		0386F5182A869B790030B335 /* ProductHeaderView.swift in Sources */ = {isa = PBXBuildFile; fileRef = 0386F5172A869B790030B335 /* ProductHeaderView.swift */; };
/* End PBXBuildFile section */

/* Begin PBXFileReference section */
		0330CA812A77CA53004CE2D7 /* MarketKurly-Clone.app */ = {isa = PBXFileReference; explicitFileType = wrapper.application; includeInIndex = 0; path = "MarketKurly-Clone.app"; sourceTree = BUILT_PRODUCTS_DIR; };
		0330CA842A77CA53004CE2D7 /* AppDelegate.swift */ = {isa = PBXFileReference; lastKnownFileType = sourcecode.swift; path = AppDelegate.swift; sourceTree = "<group>"; };
		0330CA862A77CA53004CE2D7 /* SceneDelegate.swift */ = {isa = PBXFileReference; lastKnownFileType = sourcecode.swift; path = SceneDelegate.swift; sourceTree = "<group>"; };
		0330CA8D2A77CA54004CE2D7 /* Assets.xcassets */ = {isa = PBXFileReference; lastKnownFileType = folder.assetcatalog; path = Assets.xcassets; sourceTree = "<group>"; };
		0330CA902A77CA54004CE2D7 /* Base */ = {isa = PBXFileReference; lastKnownFileType = file.storyboard; name = Base; path = Base.lproj/LaunchScreen.storyboard; sourceTree = "<group>"; };
		0330CA922A77CA54004CE2D7 /* Info.plist */ = {isa = PBXFileReference; lastKnownFileType = text.plist.xml; path = Info.plist; sourceTree = "<group>"; };
		0330CA9A2A77CD3B004CE2D7 /* Data.swift */ = {isa = PBXFileReference; lastKnownFileType = sourcecode.swift; path = Data.swift; sourceTree = "<group>"; };
		0330CAA02A77CE42004CE2D7 /* UIView+.swift */ = {isa = PBXFileReference; lastKnownFileType = sourcecode.swift; path = "UIView+.swift"; sourceTree = "<group>"; };
		0330CAA22A77CE4E004CE2D7 /* UITabBar+.swift */ = {isa = PBXFileReference; lastKnownFileType = sourcecode.swift; path = "UITabBar+.swift"; sourceTree = "<group>"; };
		0330CAA82A77CEAC004CE2D7 /* Image.swift */ = {isa = PBXFileReference; lastKnownFileType = sourcecode.swift; path = Image.swift; sourceTree = "<group>"; };
		0330CAAA2A77CEBF004CE2D7 /* Color.swift */ = {isa = PBXFileReference; lastKnownFileType = sourcecode.swift; path = Color.swift; sourceTree = "<group>"; };
		0330CAAC2A77CED9004CE2D7 /* Image.xcassets */ = {isa = PBXFileReference; lastKnownFileType = folder.assetcatalog; path = Image.xcassets; sourceTree = "<group>"; };
		0330CAAE2A77CF40004CE2D7 /* Color.xcassets */ = {isa = PBXFileReference; lastKnownFileType = folder.assetcatalog; path = Color.xcassets; sourceTree = "<group>"; };
		0330CAB52A77D0C2004CE2D7 /* TabBarController.swift */ = {isa = PBXFileReference; lastKnownFileType = sourcecode.swift; path = TabBarController.swift; sourceTree = "<group>"; };
		0330CAC02A77D13E004CE2D7 /* TabBarItem.swift */ = {isa = PBXFileReference; lastKnownFileType = sourcecode.swift; path = TabBarItem.swift; sourceTree = "<group>"; };
		0330CAC22A77D16B004CE2D7 /* HomeViewController.swift */ = {isa = PBXFileReference; lastKnownFileType = sourcecode.swift; path = HomeViewController.swift; sourceTree = "<group>"; };
		0330CAC42A77D176004CE2D7 /* CategoryViewController.swift */ = {isa = PBXFileReference; lastKnownFileType = sourcecode.swift; path = CategoryViewController.swift; sourceTree = "<group>"; };
		0330CAC62A77D191004CE2D7 /* SearchViewController.swift */ = {isa = PBXFileReference; lastKnownFileType = sourcecode.swift; path = SearchViewController.swift; sourceTree = "<group>"; };
		0330CAC82A77D1A3004CE2D7 /* MypageViewController.swift */ = {isa = PBXFileReference; lastKnownFileType = sourcecode.swift; path = MypageViewController.swift; sourceTree = "<group>"; };
		0330CACB2A79441A004CE2D7 /* CustomNavigationBar.swift */ = {isa = PBXFileReference; lastKnownFileType = sourcecode.swift; path = CustomNavigationBar.swift; sourceTree = "<group>"; };
		0330CACE2A7A6D61004CE2D7 /* SizeLiterals.swift */ = {isa = PBXFileReference; lastKnownFileType = sourcecode.swift; path = SizeLiterals.swift; sourceTree = "<group>"; };
		0386F4EE2A7F9E1E0030B335 /* MenuCollectionViewCell.swift */ = {isa = PBXFileReference; lastKnownFileType = sourcecode.swift; path = MenuCollectionViewCell.swift; sourceTree = "<group>"; };
		0386F4F12A7FA0170030B335 /* HomeMenuModel.swift */ = {isa = PBXFileReference; lastKnownFileType = sourcecode.swift; path = HomeMenuModel.swift; sourceTree = "<group>"; };
		0386F4F32A7FA27E0030B335 /* UICollectionView+.swift */ = {isa = PBXFileReference; lastKnownFileType = sourcecode.swift; path = "UICollectionView+.swift"; sourceTree = "<group>"; };
		0386F4F52A7FA2950030B335 /* NSObject+.swift */ = {isa = PBXFileReference; lastKnownFileType = sourcecode.swift; path = "NSObject+.swift"; sourceTree = "<group>"; };
		0386F4F82A7FB5030030B335 /* PageView.swift */ = {isa = PBXFileReference; lastKnownFileType = sourcecode.swift; path = PageView.swift; sourceTree = "<group>"; };
		0386F4FA2A7FB85C0030B335 /* KurlyRecommendationViewController.swift */ = {isa = PBXFileReference; lastKnownFileType = sourcecode.swift; path = KurlyRecommendationViewController.swift; sourceTree = "<group>"; };
		0386F4FC2A7FBBC50030B335 /* NewProductViewController.swift */ = {isa = PBXFileReference; lastKnownFileType = sourcecode.swift; path = NewProductViewController.swift; sourceTree = "<group>"; };
		0386F4FE2A7FBBCD0030B335 /* BestViewController.swift */ = {isa = PBXFileReference; lastKnownFileType = sourcecode.swift; path = BestViewController.swift; sourceTree = "<group>"; };
		0386F5002A7FBBE70030B335 /* ThriftyShoppingViewController.swift */ = {isa = PBXFileReference; lastKnownFileType = sourcecode.swift; path = ThriftyShoppingViewController.swift; sourceTree = "<group>"; };
		0386F5022A7FBC050030B335 /* SpecialsViewController.swift */ = {isa = PBXFileReference; lastKnownFileType = sourcecode.swift; path = SpecialsViewController.swift; sourceTree = "<group>"; };
		0386F50E2A868F060030B335 /* PosterCollectionViewCell.swift */ = {isa = PBXFileReference; lastKnownFileType = sourcecode.swift; path = PosterCollectionViewCell.swift; sourceTree = "<group>"; };
		0386F5122A8692E30030B335 /* ProductCollectionViewCell.swift */ = {isa = PBXFileReference; lastKnownFileType = sourcecode.swift; path = ProductCollectionViewCell.swift; sourceTree = "<group>"; };
		0386F5142A86991D0030B335 /* AdvertisementCollectionViewCell.swift */ = {isa = PBXFileReference; lastKnownFileType = sourcecode.swift; path = AdvertisementCollectionViewCell.swift; sourceTree = "<group>"; };
		0386F5172A869B790030B335 /* ProductHeaderView.swift */ = {isa = PBXFileReference; lastKnownFileType = sourcecode.swift; path = ProductHeaderView.swift; sourceTree = "<group>"; };
/* End PBXFileReference section */

/* Begin PBXFrameworksBuildPhase section */
		0330CA7E2A77CA53004CE2D7 /* Frameworks */ = {
			isa = PBXFrameworksBuildPhase;
			buildActionMask = 2147483647;
			files = (
				0330CAB92A77D0D9004CE2D7 /* Then in Frameworks */,
				0330CABC2A77D0E3004CE2D7 /* SnapKit in Frameworks */,
				0330CABF2A77D0FD004CE2D7 /* Moya in Frameworks */,
			);
			runOnlyForDeploymentPostprocessing = 0;
		};
/* End PBXFrameworksBuildPhase section */

/* Begin PBXGroup section */
		0330CA782A77CA53004CE2D7 = {
			isa = PBXGroup;
			children = (
				0330CA832A77CA53004CE2D7 /* MarketKurly-Clone */,
				0330CA822A77CA53004CE2D7 /* Products */,
			);
			sourceTree = "<group>";
		};
		0330CA822A77CA53004CE2D7 /* Products */ = {
			isa = PBXGroup;
			children = (
				0330CA812A77CA53004CE2D7 /* MarketKurly-Clone.app */,
			);
			name = Products;
			sourceTree = "<group>";
		};
		0330CA832A77CA53004CE2D7 /* MarketKurly-Clone */ = {
			isa = PBXGroup;
			children = (
				0330CA982A77CD24004CE2D7 /* Application */,
				0330CA992A77CD32004CE2D7 /* Data */,
				0330CA9C2A77CD41004CE2D7 /* Presentation */,
				0330CA9D2A77CD52004CE2D7 /* Resource */,
				0330CA9F2A77CE32004CE2D7 /* Util */,
				0330CA922A77CA54004CE2D7 /* Info.plist */,
			);
			path = "MarketKurly-Clone";
			sourceTree = "<group>";
		};
		0330CA982A77CD24004CE2D7 /* Application */ = {
			isa = PBXGroup;
			children = (
				0330CA842A77CA53004CE2D7 /* AppDelegate.swift */,
				0330CA862A77CA53004CE2D7 /* SceneDelegate.swift */,
			);
			path = Application;
			sourceTree = "<group>";
		};
		0330CA992A77CD32004CE2D7 /* Data */ = {
			isa = PBXGroup;
			children = (
				0330CA9A2A77CD3B004CE2D7 /* Data.swift */,
			);
			path = Data;
			sourceTree = "<group>";
		};
		0330CA9C2A77CD41004CE2D7 /* Presentation */ = {
			isa = PBXGroup;
			children = (
				0330CACA2A7943EE004CE2D7 /* Common */,
				0330CAB02A77D06B004CE2D7 /* Home */,
				0330CAB12A77D06F004CE2D7 /* Category */,
				0330CAB22A77D07B004CE2D7 /* Search */,
				0330CAB32A77D083004CE2D7 /* Mypage */,
				0330CAB42A77D08D004CE2D7 /* TabBar */,
			);
			path = Presentation;
			sourceTree = "<group>";
		};
		0330CA9D2A77CD52004CE2D7 /* Resource */ = {
			isa = PBXGroup;
			children = (
				0330CA9E2A77CE0C004CE2D7 /* AssetCatalog */,
				0330CA8F2A77CA54004CE2D7 /* LaunchScreen.storyboard */,
			);
			path = Resource;
			sourceTree = "<group>";
		};
		0330CA9E2A77CE0C004CE2D7 /* AssetCatalog */ = {
			isa = PBXGroup;
			children = (
				0330CA8D2A77CA54004CE2D7 /* Assets.xcassets */,
				0330CAAC2A77CED9004CE2D7 /* Image.xcassets */,
				0330CAAE2A77CF40004CE2D7 /* Color.xcassets */,
			);
			path = AssetCatalog;
			sourceTree = "<group>";
		};
		0330CA9F2A77CE32004CE2D7 /* Util */ = {
			isa = PBXGroup;
			children = (
				0330CAA42A77CE71004CE2D7 /* Extension */,
				0330CAA72A77CE9A004CE2D7 /* NameSpace */,
			);
			path = Util;
			sourceTree = "<group>";
		};
		0330CAA42A77CE71004CE2D7 /* Extension */ = {
			isa = PBXGroup;
			children = (
				0330CAA02A77CE42004CE2D7 /* UIView+.swift */,
				0330CAA22A77CE4E004CE2D7 /* UITabBar+.swift */,
				0386F4F32A7FA27E0030B335 /* UICollectionView+.swift */,
				0386F4F52A7FA2950030B335 /* NSObject+.swift */,
			);
			path = Extension;
			sourceTree = "<group>";
		};
		0330CAA72A77CE9A004CE2D7 /* NameSpace */ = {
			isa = PBXGroup;
			children = (
				0330CAA82A77CEAC004CE2D7 /* Image.swift */,
				0330CAAA2A77CEBF004CE2D7 /* Color.swift */,
				0330CACE2A7A6D61004CE2D7 /* SizeLiterals.swift */,
			);
			path = NameSpace;
			sourceTree = "<group>";
		};
		0330CAB02A77D06B004CE2D7 /* Home */ = {
			isa = PBXGroup;
			children = (
				0386F4F72A7FB4F00030B335 /* View */,
				0386F4EC2A7F9BFB0030B335 /* ViewController */,
				0386F4ED2A7F9C030030B335 /* Cell */,
				0386F4F02A7FA0030030B335 /* Model */,
			);
			path = Home;
			sourceTree = "<group>";
		};
		0330CAB12A77D06F004CE2D7 /* Category */ = {
			isa = PBXGroup;
			children = (
				0330CAC42A77D176004CE2D7 /* CategoryViewController.swift */,
			);
			path = Category;
			sourceTree = "<group>";
		};
		0330CAB22A77D07B004CE2D7 /* Search */ = {
			isa = PBXGroup;
			children = (
				0330CAC62A77D191004CE2D7 /* SearchViewController.swift */,
			);
			path = Search;
			sourceTree = "<group>";
		};
		0330CAB32A77D083004CE2D7 /* Mypage */ = {
			isa = PBXGroup;
			children = (
				0330CAC82A77D1A3004CE2D7 /* MypageViewController.swift */,
			);
			path = Mypage;
			sourceTree = "<group>";
		};
		0330CAB42A77D08D004CE2D7 /* TabBar */ = {
			isa = PBXGroup;
			children = (
				0330CAB52A77D0C2004CE2D7 /* TabBarController.swift */,
				0330CAC02A77D13E004CE2D7 /* TabBarItem.swift */,
			);
			path = TabBar;
			sourceTree = "<group>";
		};
		0330CACA2A7943EE004CE2D7 /* Common */ = {
			isa = PBXGroup;
			children = (
				0330CACD2A79441D004CE2D7 /* Navigation */,
			);
			path = Common;
			sourceTree = "<group>";
		};
		0330CACD2A79441D004CE2D7 /* Navigation */ = {
			isa = PBXGroup;
			children = (
				0330CACB2A79441A004CE2D7 /* CustomNavigationBar.swift */,
			);
			path = Navigation;
			sourceTree = "<group>";
		};
		0386F4EC2A7F9BFB0030B335 /* ViewController */ = {
			isa = PBXGroup;
			children = (
				0386F5052A80EDE00030B335 /* Home */,
				0386F5042A80EDB40030B335 /* PageViewController */,
			);
			path = ViewController;
			sourceTree = "<group>";
		};
		0386F4ED2A7F9C030030B335 /* Cell */ = {
			isa = PBXGroup;
			children = (
				0386F4EE2A7F9E1E0030B335 /* MenuCollectionViewCell.swift */,
			);
			path = Cell;
			sourceTree = "<group>";
		};
		0386F4F02A7FA0030030B335 /* Model */ = {
			isa = PBXGroup;
			children = (
				0386F4F12A7FA0170030B335 /* HomeMenuModel.swift */,
			);
			path = Model;
			sourceTree = "<group>";
		};
		0386F4F72A7FB4F00030B335 /* View */ = {
			isa = PBXGroup;
			children = (
				0386F4F82A7FB5030030B335 /* PageView.swift */,
			);
			path = View;
			sourceTree = "<group>";
		};
		0386F5042A80EDB40030B335 /* PageViewController */ = {
			isa = PBXGroup;
			children = (
				0386F5062A8682300030B335 /* KurlyRecommendation */,
				0386F5072A86823C0030B335 /* NewProduct */,
				0386F5082A8682490030B335 /* Best */,
				0386F5092A86824F0030B335 /* ThriftyShopping */,
				0386F50A2A86825B0030B335 /* Specials */,
			);
			path = PageViewController;
			sourceTree = "<group>";
		};
		0386F5052A80EDE00030B335 /* Home */ = {
			isa = PBXGroup;
			children = (
				0330CAC22A77D16B004CE2D7 /* HomeViewController.swift */,
			);
			path = Home;
			sourceTree = "<group>";
		};
		0386F5062A8682300030B335 /* KurlyRecommendation */ = {
			isa = PBXGroup;
			children = (
				0386F50B2A868EA60030B335 /* ViewController */,
				0386F5162A869B280030B335 /* View */,
				0386F50D2A868EFC0030B335 /* Cell */,
			);
			path = KurlyRecommendation;
			sourceTree = "<group>";
		};
		0386F5072A86823C0030B335 /* NewProduct */ = {
			isa = PBXGroup;
			children = (
				0386F4FC2A7FBBC50030B335 /* NewProductViewController.swift */,
			);
			path = NewProduct;
			sourceTree = "<group>";
		};
		0386F5082A8682490030B335 /* Best */ = {
			isa = PBXGroup;
			children = (
				0386F4FE2A7FBBCD0030B335 /* BestViewController.swift */,
			);
			path = Best;
			sourceTree = "<group>";
		};
		0386F5092A86824F0030B335 /* ThriftyShopping */ = {
			isa = PBXGroup;
			children = (
				0386F5002A7FBBE70030B335 /* ThriftyShoppingViewController.swift */,
			);
			path = ThriftyShopping;
			sourceTree = "<group>";
		};
		0386F50A2A86825B0030B335 /* Specials */ = {
			isa = PBXGroup;
			children = (
				0386F5022A7FBC050030B335 /* SpecialsViewController.swift */,
			);
			path = Specials;
			sourceTree = "<group>";
		};
		0386F50B2A868EA60030B335 /* ViewController */ = {
			isa = PBXGroup;
			children = (
				0386F4FA2A7FB85C0030B335 /* KurlyRecommendationViewController.swift */,
			);
			path = ViewController;
			sourceTree = "<group>";
		};
		0386F50D2A868EFC0030B335 /* Cell */ = {
			isa = PBXGroup;
			children = (
				0386F50E2A868F060030B335 /* PosterCollectionViewCell.swift */,
				0386F5122A8692E30030B335 /* ProductCollectionViewCell.swift */,
				0386F5142A86991D0030B335 /* AdvertisementCollectionViewCell.swift */,
			);
			path = Cell;
			sourceTree = "<group>";
		};
		0386F5162A869B280030B335 /* View */ = {
			isa = PBXGroup;
			children = (
				0386F5172A869B790030B335 /* ProductHeaderView.swift */,
			);
			path = View;
			sourceTree = "<group>";
		};
/* End PBXGroup section */

/* Begin PBXNativeTarget section */
		0330CA802A77CA53004CE2D7 /* MarketKurly-Clone */ = {
			isa = PBXNativeTarget;
			buildConfigurationList = 0330CA952A77CA54004CE2D7 /* Build configuration list for PBXNativeTarget "MarketKurly-Clone" */;
			buildPhases = (
				0330CA7D2A77CA53004CE2D7 /* Sources */,
				0330CA7E2A77CA53004CE2D7 /* Frameworks */,
				0330CA7F2A77CA53004CE2D7 /* Resources */,
			);
			buildRules = (
			);
			dependencies = (
			);
			name = "MarketKurly-Clone";
			packageProductDependencies = (
				0330CAB82A77D0D9004CE2D7 /* Then */,
				0330CABB2A77D0E3004CE2D7 /* SnapKit */,
				0330CABE2A77D0FD004CE2D7 /* Moya */,
			);
			productName = "MarketKurly-Clone";
			productReference = 0330CA812A77CA53004CE2D7 /* MarketKurly-Clone.app */;
			productType = "com.apple.product-type.application";
		};
/* End PBXNativeTarget section */

/* Begin PBXProject section */
		0330CA792A77CA53004CE2D7 /* Project object */ = {
			isa = PBXProject;
			attributes = {
				BuildIndependentTargetsInParallel = 1;
				LastSwiftUpdateCheck = 1430;
				LastUpgradeCheck = 1430;
				TargetAttributes = {
					0330CA802A77CA53004CE2D7 = {
						CreatedOnToolsVersion = 14.3.1;
					};
				};
			};
			buildConfigurationList = 0330CA7C2A77CA53004CE2D7 /* Build configuration list for PBXProject "MarketKurly-Clone" */;
			compatibilityVersion = "Xcode 14.0";
			developmentRegion = en;
			hasScannedForEncodings = 0;
			knownRegions = (
				en,
				Base,
			);
			mainGroup = 0330CA782A77CA53004CE2D7;
			packageReferences = (
				0330CAB72A77D0D9004CE2D7 /* XCRemoteSwiftPackageReference "Then" */,
				0330CABA2A77D0E3004CE2D7 /* XCRemoteSwiftPackageReference "SnapKit" */,
				0330CABD2A77D0FD004CE2D7 /* XCRemoteSwiftPackageReference "Moya" */,
			);
			productRefGroup = 0330CA822A77CA53004CE2D7 /* Products */;
			projectDirPath = "";
			projectRoot = "";
			targets = (
				0330CA802A77CA53004CE2D7 /* MarketKurly-Clone */,
			);
		};
/* End PBXProject section */

/* Begin PBXResourcesBuildPhase section */
		0330CA7F2A77CA53004CE2D7 /* Resources */ = {
			isa = PBXResourcesBuildPhase;
			buildActionMask = 2147483647;
			files = (
				0330CA912A77CA54004CE2D7 /* LaunchScreen.storyboard in Resources */,
				0330CAAF2A77CF40004CE2D7 /* Color.xcassets in Resources */,
				0330CAAD2A77CED9004CE2D7 /* Image.xcassets in Resources */,
				0330CA8E2A77CA54004CE2D7 /* Assets.xcassets in Resources */,
			);
			runOnlyForDeploymentPostprocessing = 0;
		};
/* End PBXResourcesBuildPhase section */

/* Begin PBXSourcesBuildPhase section */
		0330CA7D2A77CA53004CE2D7 /* Sources */ = {
			isa = PBXSourcesBuildPhase;
			buildActionMask = 2147483647;
			files = (
				0386F4FB2A7FB85C0030B335 /* KurlyRecommendationViewController.swift in Sources */,
				0330CAA92A77CEAC004CE2D7 /* Image.swift in Sources */,
				0330CAC12A77D13E004CE2D7 /* TabBarItem.swift in Sources */,
				0330CAA32A77CE4E004CE2D7 /* UITabBar+.swift in Sources */,
				0386F4EF2A7F9E1E0030B335 /* MenuCollectionViewCell.swift in Sources */,
				0386F4F42A7FA27E0030B335 /* UICollectionView+.swift in Sources */,
				0386F4F92A7FB5030030B335 /* PageView.swift in Sources */,
				0386F4F22A7FA0170030B335 /* HomeMenuModel.swift in Sources */,
				0386F5182A869B790030B335 /* ProductHeaderView.swift in Sources */,
				0330CAC52A77D176004CE2D7 /* CategoryViewController.swift in Sources */,
				0330CAB62A77D0C2004CE2D7 /* TabBarController.swift in Sources */,
				0386F5152A86991D0030B335 /* AdvertisementCollectionViewCell.swift in Sources */,
				0386F5032A7FBC050030B335 /* SpecialsViewController.swift in Sources */,
				0330CACF2A7A6D62004CE2D7 /* SizeLiterals.swift in Sources */,
				0386F4FD2A7FBBC50030B335 /* NewProductViewController.swift in Sources */,
				0386F4FF2A7FBBCD0030B335 /* BestViewController.swift in Sources */,
				0330CA852A77CA53004CE2D7 /* AppDelegate.swift in Sources */,
				0330CACC2A79441A004CE2D7 /* CustomNavigationBar.swift in Sources */,
				0386F5132A8692E30030B335 /* ProductCollectionViewCell.swift in Sources */,
				0330CA872A77CA53004CE2D7 /* SceneDelegate.swift in Sources */,
				0386F50F2A868F060030B335 /* PosterCollectionViewCell.swift in Sources */,
				0330CAC72A77D191004CE2D7 /* SearchViewController.swift in Sources */,
				0386F4F62A7FA2950030B335 /* NSObject+.swift in Sources */,
				0330CAC92A77D1A3004CE2D7 /* MypageViewController.swift in Sources */,
				0330CAC32A77D16B004CE2D7 /* HomeViewController.swift in Sources */,
				0330CAAB2A77CEBF004CE2D7 /* Color.swift in Sources */,
				0330CA9B2A77CD3B004CE2D7 /* Data.swift in Sources */,
				0330CAA12A77CE42004CE2D7 /* UIView+.swift in Sources */,
				0386F5012A7FBBE70030B335 /* ThriftyShoppingViewController.swift in Sources */,
			);
			runOnlyForDeploymentPostprocessing = 0;
		};
/* End PBXSourcesBuildPhase section */

/* Begin PBXVariantGroup section */
		0330CA8F2A77CA54004CE2D7 /* LaunchScreen.storyboard */ = {
			isa = PBXVariantGroup;
			children = (
				0330CA902A77CA54004CE2D7 /* Base */,
			);
			name = LaunchScreen.storyboard;
			sourceTree = "<group>";
		};
/* End PBXVariantGroup section */

/* Begin XCBuildConfiguration section */
		0330CA932A77CA54004CE2D7 /* Debug */ = {
			isa = XCBuildConfiguration;
			buildSettings = {
				ALWAYS_SEARCH_USER_PATHS = NO;
				CLANG_ANALYZER_NONNULL = YES;
				CLANG_ANALYZER_NUMBER_OBJECT_CONVERSION = YES_AGGRESSIVE;
				CLANG_CXX_LANGUAGE_STANDARD = "gnu++20";
				CLANG_ENABLE_MODULES = YES;
				CLANG_ENABLE_OBJC_ARC = YES;
				CLANG_ENABLE_OBJC_WEAK = YES;
				CLANG_WARN_BLOCK_CAPTURE_AUTORELEASING = YES;
				CLANG_WARN_BOOL_CONVERSION = YES;
				CLANG_WARN_COMMA = YES;
				CLANG_WARN_CONSTANT_CONVERSION = YES;
				CLANG_WARN_DEPRECATED_OBJC_IMPLEMENTATIONS = YES;
				CLANG_WARN_DIRECT_OBJC_ISA_USAGE = YES_ERROR;
				CLANG_WARN_DOCUMENTATION_COMMENTS = YES;
				CLANG_WARN_EMPTY_BODY = YES;
				CLANG_WARN_ENUM_CONVERSION = YES;
				CLANG_WARN_INFINITE_RECURSION = YES;
				CLANG_WARN_INT_CONVERSION = YES;
				CLANG_WARN_NON_LITERAL_NULL_CONVERSION = YES;
				CLANG_WARN_OBJC_IMPLICIT_RETAIN_SELF = YES;
				CLANG_WARN_OBJC_LITERAL_CONVERSION = YES;
				CLANG_WARN_OBJC_ROOT_CLASS = YES_ERROR;
				CLANG_WARN_QUOTED_INCLUDE_IN_FRAMEWORK_HEADER = YES;
				CLANG_WARN_RANGE_LOOP_ANALYSIS = YES;
				CLANG_WARN_STRICT_PROTOTYPES = YES;
				CLANG_WARN_SUSPICIOUS_MOVE = YES;
				CLANG_WARN_UNGUARDED_AVAILABILITY = YES_AGGRESSIVE;
				CLANG_WARN_UNREACHABLE_CODE = YES;
				CLANG_WARN__DUPLICATE_METHOD_MATCH = YES;
				COPY_PHASE_STRIP = NO;
				DEBUG_INFORMATION_FORMAT = dwarf;
				ENABLE_STRICT_OBJC_MSGSEND = YES;
				ENABLE_TESTABILITY = YES;
				GCC_C_LANGUAGE_STANDARD = gnu11;
				GCC_DYNAMIC_NO_PIC = NO;
				GCC_NO_COMMON_BLOCKS = YES;
				GCC_OPTIMIZATION_LEVEL = 0;
				GCC_PREPROCESSOR_DEFINITIONS = (
					"DEBUG=1",
					"$(inherited)",
				);
				GCC_WARN_64_TO_32_BIT_CONVERSION = YES;
				GCC_WARN_ABOUT_RETURN_TYPE = YES_ERROR;
				GCC_WARN_UNDECLARED_SELECTOR = YES;
				GCC_WARN_UNINITIALIZED_AUTOS = YES_AGGRESSIVE;
				GCC_WARN_UNUSED_FUNCTION = YES;
				GCC_WARN_UNUSED_VARIABLE = YES;
				IPHONEOS_DEPLOYMENT_TARGET = 16.4;
				MTL_ENABLE_DEBUG_INFO = INCLUDE_SOURCE;
				MTL_FAST_MATH = YES;
				ONLY_ACTIVE_ARCH = YES;
				SDKROOT = iphoneos;
				SWIFT_ACTIVE_COMPILATION_CONDITIONS = DEBUG;
				SWIFT_OPTIMIZATION_LEVEL = "-Onone";
			};
			name = Debug;
		};
		0330CA942A77CA54004CE2D7 /* Release */ = {
			isa = XCBuildConfiguration;
			buildSettings = {
				ALWAYS_SEARCH_USER_PATHS = NO;
				CLANG_ANALYZER_NONNULL = YES;
				CLANG_ANALYZER_NUMBER_OBJECT_CONVERSION = YES_AGGRESSIVE;
				CLANG_CXX_LANGUAGE_STANDARD = "gnu++20";
				CLANG_ENABLE_MODULES = YES;
				CLANG_ENABLE_OBJC_ARC = YES;
				CLANG_ENABLE_OBJC_WEAK = YES;
				CLANG_WARN_BLOCK_CAPTURE_AUTORELEASING = YES;
				CLANG_WARN_BOOL_CONVERSION = YES;
				CLANG_WARN_COMMA = YES;
				CLANG_WARN_CONSTANT_CONVERSION = YES;
				CLANG_WARN_DEPRECATED_OBJC_IMPLEMENTATIONS = YES;
				CLANG_WARN_DIRECT_OBJC_ISA_USAGE = YES_ERROR;
				CLANG_WARN_DOCUMENTATION_COMMENTS = YES;
				CLANG_WARN_EMPTY_BODY = YES;
				CLANG_WARN_ENUM_CONVERSION = YES;
				CLANG_WARN_INFINITE_RECURSION = YES;
				CLANG_WARN_INT_CONVERSION = YES;
				CLANG_WARN_NON_LITERAL_NULL_CONVERSION = YES;
				CLANG_WARN_OBJC_IMPLICIT_RETAIN_SELF = YES;
				CLANG_WARN_OBJC_LITERAL_CONVERSION = YES;
				CLANG_WARN_OBJC_ROOT_CLASS = YES_ERROR;
				CLANG_WARN_QUOTED_INCLUDE_IN_FRAMEWORK_HEADER = YES;
				CLANG_WARN_RANGE_LOOP_ANALYSIS = YES;
				CLANG_WARN_STRICT_PROTOTYPES = YES;
				CLANG_WARN_SUSPICIOUS_MOVE = YES;
				CLANG_WARN_UNGUARDED_AVAILABILITY = YES_AGGRESSIVE;
				CLANG_WARN_UNREACHABLE_CODE = YES;
				CLANG_WARN__DUPLICATE_METHOD_MATCH = YES;
				COPY_PHASE_STRIP = NO;
				DEBUG_INFORMATION_FORMAT = "dwarf-with-dsym";
				ENABLE_NS_ASSERTIONS = NO;
				ENABLE_STRICT_OBJC_MSGSEND = YES;
				GCC_C_LANGUAGE_STANDARD = gnu11;
				GCC_NO_COMMON_BLOCKS = YES;
				GCC_WARN_64_TO_32_BIT_CONVERSION = YES;
				GCC_WARN_ABOUT_RETURN_TYPE = YES_ERROR;
				GCC_WARN_UNDECLARED_SELECTOR = YES;
				GCC_WARN_UNINITIALIZED_AUTOS = YES_AGGRESSIVE;
				GCC_WARN_UNUSED_FUNCTION = YES;
				GCC_WARN_UNUSED_VARIABLE = YES;
				IPHONEOS_DEPLOYMENT_TARGET = 16.4;
				MTL_ENABLE_DEBUG_INFO = NO;
				MTL_FAST_MATH = YES;
				SDKROOT = iphoneos;
				SWIFT_COMPILATION_MODE = wholemodule;
				SWIFT_OPTIMIZATION_LEVEL = "-O";
				VALIDATE_PRODUCT = YES;
			};
			name = Release;
		};
		0330CA962A77CA54004CE2D7 /* Debug */ = {
			isa = XCBuildConfiguration;
			buildSettings = {
				ASSETCATALOG_COMPILER_APPICON_NAME = AppIcon;
				ASSETCATALOG_COMPILER_GLOBAL_ACCENT_COLOR_NAME = AccentColor;
				CODE_SIGN_STYLE = Automatic;
				CURRENT_PROJECT_VERSION = 1;
				DEVELOPMENT_TEAM = DGT9BQA4KH;
				GENERATE_INFOPLIST_FILE = YES;
				INFOPLIST_FILE = "MarketKurly-Clone/Info.plist";
				INFOPLIST_KEY_UIApplicationSupportsIndirectInputEvents = YES;
				INFOPLIST_KEY_UILaunchStoryboardName = LaunchScreen;
				INFOPLIST_KEY_UISupportedInterfaceOrientations_iPad = "UIInterfaceOrientationPortrait UIInterfaceOrientationPortraitUpsideDown UIInterfaceOrientationLandscapeLeft UIInterfaceOrientationLandscapeRight";
				INFOPLIST_KEY_UISupportedInterfaceOrientations_iPhone = "UIInterfaceOrientationPortrait UIInterfaceOrientationLandscapeLeft UIInterfaceOrientationLandscapeRight";
				LD_RUNPATH_SEARCH_PATHS = (
					"$(inherited)",
					"@executable_path/Frameworks",
				);
				MARKETING_VERSION = 1.0;
				PRODUCT_BUNDLE_IDENTIFIER = "kwonjeong.MarketKurly-Clone";
				PRODUCT_NAME = "$(TARGET_NAME)";
				SWIFT_EMIT_LOC_STRINGS = YES;
				SWIFT_VERSION = 5.0;
				TARGETED_DEVICE_FAMILY = "1,2";
			};
			name = Debug;
		};
		0330CA972A77CA54004CE2D7 /* Release */ = {
			isa = XCBuildConfiguration;
			buildSettings = {
				ASSETCATALOG_COMPILER_APPICON_NAME = AppIcon;
				ASSETCATALOG_COMPILER_GLOBAL_ACCENT_COLOR_NAME = AccentColor;
				CODE_SIGN_STYLE = Automatic;
				CURRENT_PROJECT_VERSION = 1;
				DEVELOPMENT_TEAM = DGT9BQA4KH;
				GENERATE_INFOPLIST_FILE = YES;
				INFOPLIST_FILE = "MarketKurly-Clone/Info.plist";
				INFOPLIST_KEY_UIApplicationSupportsIndirectInputEvents = YES;
				INFOPLIST_KEY_UILaunchStoryboardName = LaunchScreen;
				INFOPLIST_KEY_UISupportedInterfaceOrientations_iPad = "UIInterfaceOrientationPortrait UIInterfaceOrientationPortraitUpsideDown UIInterfaceOrientationLandscapeLeft UIInterfaceOrientationLandscapeRight";
				INFOPLIST_KEY_UISupportedInterfaceOrientations_iPhone = "UIInterfaceOrientationPortrait UIInterfaceOrientationLandscapeLeft UIInterfaceOrientationLandscapeRight";
				LD_RUNPATH_SEARCH_PATHS = (
					"$(inherited)",
					"@executable_path/Frameworks",
				);
				MARKETING_VERSION = 1.0;
				PRODUCT_BUNDLE_IDENTIFIER = "kwonjeong.MarketKurly-Clone";
				PRODUCT_NAME = "$(TARGET_NAME)";
				SWIFT_EMIT_LOC_STRINGS = YES;
				SWIFT_VERSION = 5.0;
				TARGETED_DEVICE_FAMILY = "1,2";
			};
			name = Release;
		};
/* End XCBuildConfiguration section */

/* Begin XCConfigurationList section */
		0330CA7C2A77CA53004CE2D7 /* Build configuration list for PBXProject "MarketKurly-Clone" */ = {
			isa = XCConfigurationList;
			buildConfigurations = (
				0330CA932A77CA54004CE2D7 /* Debug */,
				0330CA942A77CA54004CE2D7 /* Release */,
			);
			defaultConfigurationIsVisible = 0;
			defaultConfigurationName = Release;
		};
		0330CA952A77CA54004CE2D7 /* Build configuration list for PBXNativeTarget "MarketKurly-Clone" */ = {
			isa = XCConfigurationList;
			buildConfigurations = (
				0330CA962A77CA54004CE2D7 /* Debug */,
				0330CA972A77CA54004CE2D7 /* Release */,
			);
			defaultConfigurationIsVisible = 0;
			defaultConfigurationName = Release;
		};
/* End XCConfigurationList section */

/* Begin XCRemoteSwiftPackageReference section */
		0330CAB72A77D0D9004CE2D7 /* XCRemoteSwiftPackageReference "Then" */ = {
			isa = XCRemoteSwiftPackageReference;
			repositoryURL = "https://github.com/devxoul/Then";
			requirement = {
				kind = upToNextMajorVersion;
				minimumVersion = 3.0.0;
			};
		};
		0330CABA2A77D0E3004CE2D7 /* XCRemoteSwiftPackageReference "SnapKit" */ = {
			isa = XCRemoteSwiftPackageReference;
			repositoryURL = "https://github.com/SnapKit/SnapKit";
			requirement = {
				kind = upToNextMajorVersion;
				minimumVersion = 5.0.0;
			};
		};
		0330CABD2A77D0FD004CE2D7 /* XCRemoteSwiftPackageReference "Moya" */ = {
			isa = XCRemoteSwiftPackageReference;
			repositoryURL = "https://github.com/Moya/Moya";
			requirement = {
				kind = upToNextMajorVersion;
				minimumVersion = 15.0.0;
			};
		};
/* End XCRemoteSwiftPackageReference section */

/* Begin XCSwiftPackageProductDependency section */
		0330CAB82A77D0D9004CE2D7 /* Then */ = {
			isa = XCSwiftPackageProductDependency;
			package = 0330CAB72A77D0D9004CE2D7 /* XCRemoteSwiftPackageReference "Then" */;
			productName = Then;
		};
		0330CABB2A77D0E3004CE2D7 /* SnapKit */ = {
			isa = XCSwiftPackageProductDependency;
			package = 0330CABA2A77D0E3004CE2D7 /* XCRemoteSwiftPackageReference "SnapKit" */;
			productName = SnapKit;
		};
		0330CABE2A77D0FD004CE2D7 /* Moya */ = {
			isa = XCSwiftPackageProductDependency;
			package = 0330CABD2A77D0FD004CE2D7 /* XCRemoteSwiftPackageReference "Moya" */;
			productName = Moya;
		};
/* End XCSwiftPackageProductDependency section */
	};
	rootObject = 0330CA792A77CA53004CE2D7 /* Project object */;
}
